version = 1
requires-python = ">=3.10"

[[package]]
name = "cybergear"
version = "0.1.0"
source = { virtual = "." }
dependencies = [
    { name = "python-can" },
]

[package.metadata]
requires-dist = [{ name = "python-can", specifier = ">=4.4.2" }]

[[package]]
name = "msgpack"
version = "1.0.8"
source = { registry = "https://pypi.org/simple" }
sdist = { url = "https://files.pythonhosted.org/packages/08/4c/17adf86a8fbb02c144c7569dc4919483c01a2ac270307e2d59e1ce394087/msgpack-1.0.8.tar.gz", hash = "sha256:95c02b0e27e706e48d0e5426d1710ca78e0f0628d6e89d5b5a5b91a5f12274f3", size = 167014 }
wheels = [
    { url = "https://files.pythonhosted.org/packages/b3/c2/8ecbafd6d3178ad408989c82d6d518fec76e053bae20c0fd9f47bffe7dda/msgpack-1.0.8-cp310-cp310-macosx_10_9_universal2.whl", hash = "sha256:505fe3d03856ac7d215dbe005414bc28505d26f0c128906037e66d98c4e95868", size = 157691 },
    { url = "https://files.pythonhosted.org/packages/0d/7e/93373ffbe6561e719996a90b6d112604f52da3ab46e7c395db7607458553/msgpack-1.0.8-cp310-cp310-macosx_10_9_x86_64.whl", hash = "sha256:e6b7842518a63a9f17107eb176320960ec095a8ee3b4420b5f688e24bf50c53c", size = 87954 },
    { url = "https://files.pythonhosted.org/packages/ba/13/d000e53b067aee19d57a4f26d5bffed7890e6896538ac5f97605b0f64985/msgpack-1.0.8-cp310-cp310-macosx_11_0_arm64.whl", hash = "sha256:376081f471a2ef24828b83a641a02c575d6103a3ad7fd7dade5486cad10ea659", size = 84945 },
    { url = "https://files.pythonhosted.org/packages/2b/6e/3dcd4f7d8b978277393fd5b7c0abd9d2b6ef7ba8eb12834bed59158ecf5f/msgpack-1.0.8-cp310-cp310-manylinux_2_17_aarch64.manylinux2014_aarch64.whl", hash = "sha256:5e390971d082dba073c05dbd56322427d3280b7cc8b53484c9377adfbae67dc2", size = 376004 },
    { url = "https://files.pythonhosted.org/packages/d9/96/a1868dd8997d65732476dfc70fef44d046c1b4dbe36ec1481ab744d87775/msgpack-1.0.8-cp310-cp310-manylinux_2_17_x86_64.manylinux2014_x86_64.whl", hash = "sha256:00e073efcba9ea99db5acef3959efa45b52bc67b61b00823d2a1a6944bf45982", size = 385107 },
    { url = "https://files.pythonhosted.org/packages/9b/db/8d629233bba3cbe6d7a6e0fd018ed684c5f0befea4428d4217ce066d2f20/msgpack-1.0.8-cp310-cp310-manylinux_2_5_i686.manylinux1_i686.manylinux_2_17_i686.manylinux2014_i686.whl", hash = "sha256:82d92c773fbc6942a7a8b520d22c11cfc8fd83bba86116bfcf962c2f5c2ecdaa", size = 374290 },
    { url = "https://files.pythonhosted.org/packages/f0/75/553cc9ddfe59c62654dd398c16cd8ab1b3eeb145e56805f52115cbe9f5a0/msgpack-1.0.8-cp310-cp310-musllinux_1_1_aarch64.whl", hash = "sha256:9ee32dcb8e531adae1f1ca568822e9b3a738369b3b686d1477cbc643c4a9c128", size = 380759 },
    { url = "https://files.pythonhosted.org/packages/7c/40/c6f31cef899b54e3f6a759204d0b152c9205aef7219c9d2279f608c421eb/msgpack-1.0.8-cp310-cp310-musllinux_1_1_i686.whl", hash = "sha256:e3aa7e51d738e0ec0afbed661261513b38b3014754c9459508399baf14ae0c9d", size = 413943 },
    { url = "https://files.pythonhosted.org/packages/b0/a8/29426f7af85406116e1cdbd21d8f02e30ef8f4afe3cfcbb43c498cbadadf/msgpack-1.0.8-cp310-cp310-musllinux_1_1_x86_64.whl", hash = "sha256:69284049d07fce531c17404fcba2bb1df472bc2dcdac642ae71a2d079d950653", size = 385405 },
    { url = "https://files.pythonhosted.org/packages/3e/0e/96477b0448c593cc5c679e855c7bb58bb6543a065760e67cad0c3f90deb1/msgpack-1.0.8-cp311-cp311-macosx_10_9_universal2.whl", hash = "sha256:9517004e21664f2b5a5fd6333b0731b9cf0817403a941b393d89a2f1dc2bd836", size = 157669 },
    { url = "https://files.pythonhosted.org/packages/46/ca/96051d40050cd17bf054996662dbf8900da9995fa0a3308f2597a47bedad/msgpack-1.0.8-cp311-cp311-macosx_10_9_x86_64.whl", hash = "sha256:d16a786905034e7e34098634b184a7d81f91d4c3d246edc6bd7aefb2fd8ea6ad", size = 87994 },
    { url = "https://files.pythonhosted.org/packages/17/29/7f3f30dd40bf1c2599350099645d3664b3aadb803583cbfce57a28047c4d/msgpack-1.0.8-cp311-cp311-macosx_11_0_arm64.whl", hash = "sha256:e2872993e209f7ed04d963e4b4fbae72d034844ec66bc4ca403329db2074377b", size = 84887 },
    { url = "https://files.pythonhosted.org/packages/1a/01/01a88f7971c68037dab4be2737b50e00557bbdaf179ab988803c736043ed/msgpack-1.0.8-cp311-cp311-manylinux_2_17_aarch64.manylinux2014_aarch64.whl", hash = "sha256:5c330eace3dd100bdb54b5653b966de7f51c26ec4a7d4e87132d9b4f738220ba", size = 400836 },
    { url = "https://files.pythonhosted.org/packages/f6/f0/a7bdb48223cd21b9abed814b08fca8fe6a40931e70ec97c24d2f15d68ef3/msgpack-1.0.8-cp311-cp311-manylinux_2_17_x86_64.manylinux2014_x86_64.whl", hash = "sha256:83b5c044f3eff2a6534768ccfd50425939e7a8b5cf9a7261c385de1e20dcfc85", size = 409267 },
    { url = "https://files.pythonhosted.org/packages/f5/9a/88388f7960930a7dc0bbcde3d1db1bd543c9645483f3172c64853f4cab67/msgpack-1.0.8-cp311-cp311-manylinux_2_5_i686.manylinux1_i686.manylinux_2_17_i686.manylinux2014_i686.whl", hash = "sha256:1876b0b653a808fcd50123b953af170c535027bf1d053b59790eebb0aeb38950", size = 397264 },
    { url = "https://files.pythonhosted.org/packages/43/7c/82b729d105dae9f8be500228fdd8cfc1f918a18e285afcbf6d6915146037/msgpack-1.0.8-cp311-cp311-musllinux_1_1_aarch64.whl", hash = "sha256:dfe1f0f0ed5785c187144c46a292b8c34c1295c01da12e10ccddfc16def4448a", size = 404763 },
    { url = "https://files.pythonhosted.org/packages/e0/3f/978df03be94c2198be22df5d6e31b69ef7a9759c6cc0cce4ed1d08e2b27b/msgpack-1.0.8-cp311-cp311-musllinux_1_1_i686.whl", hash = "sha256:3528807cbbb7f315bb81959d5961855e7ba52aa60a3097151cb21956fbc7502b", size = 434775 },
    { url = "https://files.pythonhosted.org/packages/dd/06/adb6c8cdea18f9ba09b7dc1442b50ce222858ae4a85703420349784429d0/msgpack-1.0.8-cp311-cp311-musllinux_1_1_x86_64.whl", hash = "sha256:e2f879ab92ce502a1e65fce390eab619774dda6a6ff719718069ac94084098ce", size = 409109 },
    { url = "https://files.pythonhosted.org/packages/97/73/757eeca26527ebac31d86d35bf4ba20155ee14d35c8619dd96bc80a037f3/msgpack-1.0.8-cp312-cp312-macosx_10_9_universal2.whl", hash = "sha256:114be227f5213ef8b215c22dde19532f5da9652e56e8ce969bf0a26d7c419fee", size = 158948 },
    { url = "https://files.pythonhosted.org/packages/11/df/558899a5f90d450e988484be25be0b49c6930858d6fe44ea6f1f66502fe5/msgpack-1.0.8-cp312-cp312-macosx_10_9_x86_64.whl", hash = "sha256:d661dc4785affa9d0edfdd1e59ec056a58b3dbb9f196fa43587f3ddac654ac7b", size = 88696 },
    { url = "https://files.pythonhosted.org/packages/99/3e/49d430df1e9abf06bb91e9824422cd6ceead2114662417286da3ddcdd295/msgpack-1.0.8-cp312-cp312-macosx_11_0_arm64.whl", hash = "sha256:d56fd9f1f1cdc8227d7b7918f55091349741904d9520c65f0139a9755952c9e8", size = 85428 },
    { url = "https://files.pythonhosted.org/packages/54/f7/84828d0c6be6b7f0770777f1a7b1f76f3a78e8b6afb5e4e9c1c9350242be/msgpack-1.0.8-cp312-cp312-manylinux_2_17_aarch64.manylinux2014_aarch64.whl", hash = "sha256:0726c282d188e204281ebd8de31724b7d749adebc086873a59efb8cf7ae27df3", size = 396116 },
    { url = "https://files.pythonhosted.org/packages/04/2a/c833a8503be9030083f0469e7a3c74d3622a3b4eae676c3934d3ccc01036/msgpack-1.0.8-cp312-cp312-manylinux_2_17_x86_64.manylinux2014_x86_64.whl", hash = "sha256:8db8e423192303ed77cff4dce3a4b88dbfaf43979d280181558af5e2c3c71afc", size = 408331 },
    { url = "https://files.pythonhosted.org/packages/04/50/b988d0a8e8835f705e4bbcb6433845ff11dd50083c0aa43e607bb7b2ff96/msgpack-1.0.8-cp312-cp312-manylinux_2_5_i686.manylinux1_i686.manylinux_2_17_i686.manylinux2014_i686.whl", hash = "sha256:99881222f4a8c2f641f25703963a5cefb076adffd959e0558dc9f803a52d6a58", size = 394182 },
    { url = "https://files.pythonhosted.org/packages/98/e1/0d18496cbeef771db605b6a14794f9b4235d371f36b43f7223c1613969ec/msgpack-1.0.8-cp312-cp312-musllinux_1_1_aarch64.whl", hash = "sha256:b5505774ea2a73a86ea176e8a9a4a7c8bf5d521050f0f6f8426afe798689243f", size = 401226 },
    { url = "https://files.pythonhosted.org/packages/03/79/ae000bde2aee4b9f0d50c1ca1ab301ade873b59dd6968c28f918d1cf8be4/msgpack-1.0.8-cp312-cp312-musllinux_1_1_i686.whl", hash = "sha256:ef254a06bcea461e65ff0373d8a0dd1ed3aa004af48839f002a0c994a6f72d04", size = 432994 },
    { url = "https://files.pythonhosted.org/packages/cb/46/f97bedf3ab16d38eeea0aafa3ad93cc7b9adf898218961faaea9c3c639f1/msgpack-1.0.8-cp312-cp312-musllinux_1_1_x86_64.whl", hash = "sha256:e1dd7839443592d00e96db831eddb4111a2a81a46b028f0facd60a09ebbdd543", size = 410432 },
]

[[package]]
name = "packaging"
version = "24.1"
source = { registry = "https://pypi.org/simple" }
sdist = { url = "https://files.pythonhosted.org/packages/51/65/50db4dda066951078f0a96cf12f4b9ada6e4b811516bf0262c0f4f7064d4/packaging-24.1.tar.gz", hash = "sha256:026ed72c8ed3fcce5bf8950572258698927fd1dbda10a5e981cdf0ac37f4f002", size = 148788 }
wheels = [
    { url = "https://files.pythonhosted.org/packages/08/aa/cc0199a5f0ad350994d660967a8efb233fe0416e4639146c089643407ce6/packaging-24.1-py3-none-any.whl", hash = "sha256:5b8f2217dbdbd2f7f384c41c628544e6d52f2d0f53c6d0c3ea61aa5d1d7ff124", size = 53985 },
]

[[package]]
name = "python-can"
version = "4.4.2"
source = { registry = "https://pypi.org/simple" }
dependencies = [
    { name = "msgpack", marker = "platform_system != 'Windows'" },
    { name = "packaging" },
    { name = "pywin32", marker = "platform_python_implementation == 'CPython' and platform_system == 'Windows'" },
    { name = "typing-extensions" },
    { name = "wrapt" },
]
sdist = { url = "https://files.pythonhosted.org/packages/a3/17/57c38abbf00993ac5ec306de0c00271685d1372ef3d907b107eb63ab13a8/python_can-4.4.2.tar.gz", hash = "sha256:1c46c0935f39f7a9c3e76b03249af0580689ebf7a1844195e92f87257f009df5", size = 345568 }
wheels = [
    { url = "https://files.pythonhosted.org/packages/42/c5/9eb41131696edbe56c7b97e167e3c19b15bfa4f964e21c0a6c9f28bde298/python_can-4.4.2-py3-none-any.whl", hash = "sha256:e956d781b45563c244c1f3c8fe001e292d1857519cff663d7c184673a68879f9", size = 265202 },
]

[[package]]
name = "pywin32"
version = "306"
source = { registry = "https://pypi.org/simple" }
wheels = [
    { url = "https://files.pythonhosted.org/packages/08/dc/28c668097edfaf4eac4617ef7adf081b9cf50d254672fcf399a70f5efc41/pywin32-306-cp310-cp310-win32.whl", hash = "sha256:06d3420a5155ba65f0b72f2699b5bacf3109f36acbe8923765c22938a69dfc8d", size = 8506422 },
    { url = "https://files.pythonhosted.org/packages/d3/d6/891894edec688e72c2e308b3243fad98b4066e1839fd2fe78f04129a9d31/pywin32-306-cp310-cp310-win_amd64.whl", hash = "sha256:84f4471dbca1887ea3803d8848a1616429ac94a4a8d05f4bc9c5dcfd42ca99c8", size = 9226392 },
    { url = "https://files.pythonhosted.org/packages/8b/1e/fc18ad83ca553e01b97aa8393ff10e33c1fb57801db05488b83282ee9913/pywin32-306-cp311-cp311-win32.whl", hash = "sha256:e65028133d15b64d2ed8f06dd9fbc268352478d4f9289e69c190ecd6818b6407", size = 8507689 },
    { url = "https://files.pythonhosted.org/packages/7e/9e/ad6b1ae2a5ad1066dc509350e0fbf74d8d50251a51e420a2a8feaa0cecbd/pywin32-306-cp311-cp311-win_amd64.whl", hash = "sha256:a7639f51c184c0272e93f244eb24dafca9b1855707d94c192d4a0b4c01e1100e", size = 9227547 },
    { url = "https://files.pythonhosted.org/packages/91/20/f744bff1da8f43388498503634378dbbefbe493e65675f2cc52f7185c2c2/pywin32-306-cp311-cp311-win_arm64.whl", hash = "sha256:70dba0c913d19f942a2db25217d9a1b726c278f483a919f1abfed79c9cf64d3a", size = 10388324 },
    { url = "https://files.pythonhosted.org/packages/14/91/17e016d5923e178346aabda3dfec6629d1a26efe587d19667542105cf0a6/pywin32-306-cp312-cp312-win32.whl", hash = "sha256:383229d515657f4e3ed1343da8be101000562bf514591ff383ae940cad65458b", size = 8507705 },
    { url = "https://files.pythonhosted.org/packages/83/1c/25b79fc3ec99b19b0a0730cc47356f7e2959863bf9f3cd314332bddb4f68/pywin32-306-cp312-cp312-win_amd64.whl", hash = "sha256:37257794c1ad39ee9be652da0462dc2e394c8159dfd913a8a4e8eb6fd346da0e", size = 9227429 },
    { url = "https://files.pythonhosted.org/packages/1c/43/e3444dc9a12f8365d9603c2145d16bf0a2f8180f343cf87be47f5579e547/pywin32-306-cp312-cp312-win_arm64.whl", hash = "sha256:5821ec52f6d321aa59e2db7e0a35b997de60c201943557d108af9d4ae1ec7040", size = 10388145 },
]

[[package]]
name = "typing-extensions"
version = "4.12.2"
source = { registry = "https://pypi.org/simple" }
sdist = { url = "https://files.pythonhosted.org/packages/df/db/f35a00659bc03fec321ba8bce9420de607a1d37f8342eee1863174c69557/typing_extensions-4.12.2.tar.gz", hash = "sha256:1a7ead55c7e559dd4dee8856e3a88b41225abfe1ce8df57b7c13915fe121ffb8", size = 85321 }
wheels = [
    { url = "https://files.pythonhosted.org/packages/26/9f/ad63fc0248c5379346306f8668cda6e2e2e9c95e01216d2b8ffd9ff037d0/typing_extensions-4.12.2-py3-none-any.whl", hash = "sha256:04e5ca0351e0f3f85c6853954072df659d0d13fac324d0072316b67d7794700d", size = 37438 },
]

[[package]]
name = "wrapt"
version = "1.16.0"
source = { registry = "https://pypi.org/simple" }
sdist = { url = "https://files.pythonhosted.org/packages/95/4c/063a912e20bcef7124e0df97282a8af3ff3e4b603ce84c481d6d7346be0a/wrapt-1.16.0.tar.gz", hash = "sha256:5f370f952971e7d17c7d1ead40e49f32345a7f7a5373571ef44d800d06b1899d", size = 53972 }
wheels = [
    { url = "https://files.pythonhosted.org/packages/a8/c6/5375258add3777494671d8cec27cdf5402abd91016dee24aa2972c61fedf/wrapt-1.16.0-cp310-cp310-macosx_10_9_x86_64.whl", hash = "sha256:ffa565331890b90056c01db69c0fe634a776f8019c143a5ae265f9c6bc4bd6d4", size = 37315 },
    { url = "https://files.pythonhosted.org/packages/32/12/e11adfde33444986135d8881b401e4de6cbb4cced046edc6b464e6ad7547/wrapt-1.16.0-cp310-cp310-macosx_11_0_arm64.whl", hash = "sha256:e4fdb9275308292e880dcbeb12546df7f3e0f96c6b41197e0cf37d2826359020", size = 38160 },
    { url = "https://files.pythonhosted.org/packages/70/7d/3dcc4a7e96f8d3e398450ec7703db384413f79bd6c0196e0e139055ce00f/wrapt-1.16.0-cp310-cp310-manylinux_2_17_aarch64.manylinux2014_aarch64.whl", hash = "sha256:bb2dee3874a500de01c93d5c71415fcaef1d858370d405824783e7a8ef5db440", size = 80419 },
    { url = "https://files.pythonhosted.org/packages/d1/c4/8dfdc3c2f0b38be85c8d9fdf0011ebad2f54e40897f9549a356bebb63a97/wrapt-1.16.0-cp310-cp310-manylinux_2_5_i686.manylinux1_i686.manylinux_2_17_i686.manylinux2014_i686.whl", hash = "sha256:2a88e6010048489cda82b1326889ec075a8c856c2e6a256072b28eaee3ccf487", size = 72669 },
    { url = "https://files.pythonhosted.org/packages/49/83/b40bc1ad04a868b5b5bcec86349f06c1ee1ea7afe51dc3e46131e4f39308/wrapt-1.16.0-cp310-cp310-manylinux_2_5_x86_64.manylinux1_x86_64.manylinux_2_17_x86_64.manylinux2014_x86_64.whl", hash = "sha256:ac83a914ebaf589b69f7d0a1277602ff494e21f4c2f743313414378f8f50a4cf", size = 80271 },
    { url = "https://files.pythonhosted.org/packages/19/d4/cd33d3a82df73a064c9b6401d14f346e1d2fb372885f0295516ec08ed2ee/wrapt-1.16.0-cp310-cp310-musllinux_1_1_aarch64.whl", hash = "sha256:73aa7d98215d39b8455f103de64391cb79dfcad601701a3aa0dddacf74911d72", size = 84748 },
    { url = "https://files.pythonhosted.org/packages/ef/58/2fde309415b5fa98fd8f5f4a11886cbf276824c4c64d45a39da342fff6fe/wrapt-1.16.0-cp310-cp310-musllinux_1_1_i686.whl", hash = "sha256:807cc8543a477ab7422f1120a217054f958a66ef7314f76dd9e77d3f02cdccd0", size = 77522 },
    { url = "https://files.pythonhosted.org/packages/07/44/359e4724a92369b88dbf09878a7cde7393cf3da885567ea898e5904049a3/wrapt-1.16.0-cp310-cp310-musllinux_1_1_x86_64.whl", hash = "sha256:bf5703fdeb350e36885f2875d853ce13172ae281c56e509f4e6eca049bdfb136", size = 84780 },
    { url = "https://files.pythonhosted.org/packages/88/8f/706f2fee019360cc1da652353330350c76aa5746b4e191082e45d6838faf/wrapt-1.16.0-cp310-cp310-win32.whl", hash = "sha256:f6b2d0c6703c988d334f297aa5df18c45e97b0af3679bb75059e0e0bd8b1069d", size = 35335 },
    { url = "https://files.pythonhosted.org/packages/19/2b/548d23362e3002ebbfaefe649b833fa43f6ca37ac3e95472130c4b69e0b4/wrapt-1.16.0-cp310-cp310-win_amd64.whl", hash = "sha256:decbfa2f618fa8ed81c95ee18a387ff973143c656ef800c9f24fb7e9c16054e2", size = 37528 },
    { url = "https://files.pythonhosted.org/packages/fd/03/c188ac517f402775b90d6f312955a5e53b866c964b32119f2ed76315697e/wrapt-1.16.0-cp311-cp311-macosx_10_9_x86_64.whl", hash = "sha256:1a5db485fe2de4403f13fafdc231b0dbae5eca4359232d2efc79025527375b09", size = 37313 },
    { url = "https://files.pythonhosted.org/packages/0f/16/ea627d7817394db04518f62934a5de59874b587b792300991b3c347ff5e0/wrapt-1.16.0-cp311-cp311-macosx_11_0_arm64.whl", hash = "sha256:75ea7d0ee2a15733684badb16de6794894ed9c55aa5e9903260922f0482e687d", size = 38164 },
    { url = "https://files.pythonhosted.org/packages/7f/a7/f1212ba098f3de0fd244e2de0f8791ad2539c03bef6c05a9fcb03e45b089/wrapt-1.16.0-cp311-cp311-manylinux_2_17_aarch64.manylinux2014_aarch64.whl", hash = "sha256:a452f9ca3e3267cd4d0fcf2edd0d035b1934ac2bd7e0e57ac91ad6b95c0c6389", size = 80890 },
    { url = "https://files.pythonhosted.org/packages/b7/96/bb5e08b3d6db003c9ab219c487714c13a237ee7dcc572a555eaf1ce7dc82/wrapt-1.16.0-cp311-cp311-manylinux_2_5_i686.manylinux1_i686.manylinux_2_17_i686.manylinux2014_i686.whl", hash = "sha256:43aa59eadec7890d9958748db829df269f0368521ba6dc68cc172d5d03ed8060", size = 73118 },
    { url = "https://files.pythonhosted.org/packages/6e/52/2da48b35193e39ac53cfb141467d9f259851522d0e8c87153f0ba4205fb1/wrapt-1.16.0-cp311-cp311-manylinux_2_5_x86_64.manylinux1_x86_64.manylinux_2_17_x86_64.manylinux2014_x86_64.whl", hash = "sha256:72554a23c78a8e7aa02abbd699d129eead8b147a23c56e08d08dfc29cfdddca1", size = 80746 },
    { url = "https://files.pythonhosted.org/packages/11/fb/18ec40265ab81c0e82a934de04596b6ce972c27ba2592c8b53d5585e6bcd/wrapt-1.16.0-cp311-cp311-musllinux_1_1_aarch64.whl", hash = "sha256:d2efee35b4b0a347e0d99d28e884dfd82797852d62fcd7ebdeee26f3ceb72cf3", size = 85668 },
    { url = "https://files.pythonhosted.org/packages/0f/ef/0ecb1fa23145560431b970418dce575cfaec555ab08617d82eb92afc7ccf/wrapt-1.16.0-cp311-cp311-musllinux_1_1_i686.whl", hash = "sha256:6dcfcffe73710be01d90cae08c3e548d90932d37b39ef83969ae135d36ef3956", size = 78556 },
    { url = "https://files.pythonhosted.org/packages/25/62/cd284b2b747f175b5a96cbd8092b32e7369edab0644c45784871528eb852/wrapt-1.16.0-cp311-cp311-musllinux_1_1_x86_64.whl", hash = "sha256:eb6e651000a19c96f452c85132811d25e9264d836951022d6e81df2fff38337d", size = 85712 },
    { url = "https://files.pythonhosted.org/packages/e5/a7/47b7ff74fbadf81b696872d5ba504966591a3468f1bc86bca2f407baef68/wrapt-1.16.0-cp311-cp311-win32.whl", hash = "sha256:66027d667efe95cc4fa945af59f92c5a02c6f5bb6012bff9e60542c74c75c362", size = 35327 },
    { url = "https://files.pythonhosted.org/packages/cf/c3/0084351951d9579ae83a3d9e38c140371e4c6b038136909235079f2e6e78/wrapt-1.16.0-cp311-cp311-win_amd64.whl", hash = "sha256:aefbc4cb0a54f91af643660a0a150ce2c090d3652cf4052a5397fb2de549cd89", size = 37523 },
    { url = "https://files.pythonhosted.org/packages/92/17/224132494c1e23521868cdd57cd1e903f3b6a7ba6996b7b8f077ff8ac7fe/wrapt-1.16.0-cp312-cp312-macosx_10_9_x86_64.whl", hash = "sha256:5eb404d89131ec9b4f748fa5cfb5346802e5ee8836f57d516576e61f304f3b7b", size = 37614 },
    { url = "https://files.pythonhosted.org/packages/6a/d7/cfcd73e8f4858079ac59d9db1ec5a1349bc486ae8e9ba55698cc1f4a1dff/wrapt-1.16.0-cp312-cp312-macosx_11_0_arm64.whl", hash = "sha256:9090c9e676d5236a6948330e83cb89969f433b1943a558968f659ead07cb3b36", size = 38316 },
    { url = "https://files.pythonhosted.org/packages/7e/79/5ff0a5c54bda5aec75b36453d06be4f83d5cd4932cc84b7cb2b52cee23e2/wrapt-1.16.0-cp312-cp312-manylinux_2_17_aarch64.manylinux2014_aarch64.whl", hash = "sha256:94265b00870aa407bd0cbcfd536f17ecde43b94fb8d228560a1e9d3041462d73", size = 86322 },
    { url = "https://files.pythonhosted.org/packages/c4/81/e799bf5d419f422d8712108837c1d9bf6ebe3cb2a81ad94413449543a923/wrapt-1.16.0-cp312-cp312-manylinux_2_5_i686.manylinux1_i686.manylinux_2_17_i686.manylinux2014_i686.whl", hash = "sha256:f2058f813d4f2b5e3a9eb2eb3faf8f1d99b81c3e51aeda4b168406443e8ba809", size = 79055 },
    { url = "https://files.pythonhosted.org/packages/62/62/30ca2405de6a20448ee557ab2cd61ab9c5900be7cbd18a2639db595f0b98/wrapt-1.16.0-cp312-cp312-manylinux_2_5_x86_64.manylinux1_x86_64.manylinux_2_17_x86_64.manylinux2014_x86_64.whl", hash = "sha256:98b5e1f498a8ca1858a1cdbffb023bfd954da4e3fa2c0cb5853d40014557248b", size = 87291 },
    { url = "https://files.pythonhosted.org/packages/49/4e/5d2f6d7b57fc9956bf06e944eb00463551f7d52fc73ca35cfc4c2cdb7aed/wrapt-1.16.0-cp312-cp312-musllinux_1_1_aarch64.whl", hash = "sha256:14d7dc606219cdd7405133c713f2c218d4252f2a469003f8c46bb92d5d095d81", size = 90374 },
    { url = "https://files.pythonhosted.org/packages/a6/9b/c2c21b44ff5b9bf14a83252a8b973fb84923764ff63db3e6dfc3895cf2e0/wrapt-1.16.0-cp312-cp312-musllinux_1_1_i686.whl", hash = "sha256:49aac49dc4782cb04f58986e81ea0b4768e4ff197b57324dcbd7699c5dfb40b9", size = 83896 },
    { url = "https://files.pythonhosted.org/packages/14/26/93a9fa02c6f257df54d7570dfe8011995138118d11939a4ecd82cb849613/wrapt-1.16.0-cp312-cp312-musllinux_1_1_x86_64.whl", hash = "sha256:418abb18146475c310d7a6dc71143d6f7adec5b004ac9ce08dc7a34e2babdc5c", size = 91738 },
    { url = "https://files.pythonhosted.org/packages/a2/5b/4660897233eb2c8c4de3dc7cefed114c61bacb3c28327e64150dc44ee2f6/wrapt-1.16.0-cp312-cp312-win32.whl", hash = "sha256:685f568fa5e627e93f3b52fda002c7ed2fa1800b50ce51f6ed1d572d8ab3e7fc", size = 35568 },
    { url = "https://files.pythonhosted.org/packages/5c/cc/8297f9658506b224aa4bd71906447dea6bb0ba629861a758c28f67428b91/wrapt-1.16.0-cp312-cp312-win_amd64.whl", hash = "sha256:dcdba5c86e368442528f7060039eda390cc4091bfd1dca41e8046af7c910dda8", size = 37653 },
    { url = "https://files.pythonhosted.org/packages/ff/21/abdedb4cdf6ff41ebf01a74087740a709e2edb146490e4d9beea054b0b7a/wrapt-1.16.0-py3-none-any.whl", hash = "sha256:6906c4100a8fcbf2fa735f6059214bb13b97f75b1a61777fcf6432121ef12ef1", size = 23362 },
]
